
Microsoft Visual Studio Solution File, Format Version 10.00
# Visual C# Express 2008
Project("{FAE04EC0-301F-11D3-BF4B-00C04F79EFBC}") = "IphoneDemo", "IphoneDemo\IphoneDemo.csproj", "{3DFE8C2E-9E3F-4B40-8E2A-1FB62252CF6C}"
EndProject
Global
	GlobalSection(SolutionConfigurationPlatforms) = preSolution
		Debug|x86 = Debug|x86
		Release|x86 = Release|x86
	EndGlobalSection
	GlobalSection(ProjectConfigurationPlatforms) = postSolution
		{3DFE8C2E-9E3F-4B40-8E2A-1FB62252CF6C}.Debug|x86.ActiveCfg = Debug|x86
		{3DFE8C2E-9E3F-4B40-8E2A-1FB62252CF6C}.Debug|x86.Build.0 = Debug|x86
		{3DFE8C2E-9E3F-4B40-8E2A-1FB62252CF6C}.Release|x86.ActiveCfg = Release|x86
		{3DFE8C2E-9E3F-4B40-8E2A-1FB62252CF6C}.Release|x86.Build.0 = Release|x86
		{C70DC36B-D73B-4A05-AEA5-B7A0D770C697}.Debug|x86.ActiveCfg = Debug|x86
		{C70DC36B-D73B-4A05-AEA5-B7A0D770C697}.Release|x86.ActiveCfg = Release|x86
	EndGlobalSection
	GlobalSection(SolutionProperties) = preSolution
		HideSolutionNode = FALSE
	EndGlobalSection
EndGlobal
